<?xml version="1.0" encoding="utf-8"?>
<Project ToolsVersion="17.0" xmlns="http://schemas.microsoft.com/developer/msbuild/2003">
  <ItemGroup>
    <CustomBuild Include="C:\Users\giall\Downloads\CMakePortAudioTest\CMakeFiles\18ba2664bcb3461319575b9d8a6887b2\INSTALL_force.rule">
      <Filter>CMake Rules</Filter>
    </CustomBuild>
  </ItemGroup>
  <ItemGroup>
    <Filter Include="CMake Rules">
      <UniqueIdentifier>{DD23817D-991D-3F77-984E-D8AF54D18B29}</UniqueIdentifier>
    </Filter>
  </ItemGroup>
</Project>
